
Microsoft Visual Studio Solution File, Format Version 12.00
# Visual Studio Version 16
VisualStudioVersion = 16.0.31205.134
MinimumVisualStudioVersion = 10.0.40219.1
Project("{FAE04EC0-301F-11D3-BF4B-00C04F79EFBC}") = "InvisibleApi", "InvisibleApi\InvisibleApi.csproj", "{75B02BE9-4EFB-4D7A-B09B-8387995DCDED}"
EndProject
Project("{FAE04EC0-301F-11D3-BF4B-00C04F79EFBC}") = "InvisibleApi.Tests.Unit", "InvisibleApi.Tests.Unit\InvisibleApi.Tests.Unit.csproj", "{FDE39D63-E694-4847-81AB-592022EF4A5C}"
EndProject
Project("{2150E333-8FDC-42A3-9474-1A3956D46DE8}") = "Solution Items", "Solution Items", "{C74673A8-CEFB-4B33-9C93-0415BCE4A61E}"
	ProjectSection(SolutionItems) = preProject
		readme.md = readme.md
	EndProjectSection
EndProject
Global
	GlobalSection(SolutionConfigurationPlatforms) = preSolution
		Debug|Any CPU = Debug|Any CPU
		Release|Any CPU = Release|Any CPU
	EndGlobalSection
	GlobalSection(ProjectConfigurationPlatforms) = postSolution
		{75B02BE9-4EFB-4D7A-B09B-8387995DCDED}.Debug|Any CPU.ActiveCfg = Debug|Any CPU
		{75B02BE9-4EFB-4D7A-B09B-8387995DCDED}.Debug|Any CPU.Build.0 = Debug|Any CPU
		{75B02BE9-4EFB-4D7A-B09B-8387995DCDED}.Release|Any CPU.ActiveCfg = Release|Any CPU
		{75B02BE9-4EFB-4D7A-B09B-8387995DCDED}.Release|Any CPU.Build.0 = Release|Any CPU
		{FDE39D63-E694-4847-81AB-592022EF4A5C}.Debug|Any CPU.ActiveCfg = Debug|Any CPU
		{FDE39D63-E694-4847-81AB-592022EF4A5C}.Debug|Any CPU.Build.0 = Debug|Any CPU
		{FDE39D63-E694-4847-81AB-592022EF4A5C}.Release|Any CPU.ActiveCfg = Release|Any CPU
		{FDE39D63-E694-4847-81AB-592022EF4A5C}.Release|Any CPU.Build.0 = Release|Any CPU
	EndGlobalSection
	GlobalSection(SolutionProperties) = preSolution
		HideSolutionNode = FALSE
	EndGlobalSection
	GlobalSection(ExtensibilityGlobals) = postSolution
		SolutionGuid = {6F4268ED-2296-46A5-A23C-77ADA68E633E}
	EndGlobalSection
EndGlobal
